// !$*UTF8*$!
{
	archiveVersion = 1;
	classes = {
	};
	objectVersion = 46;
	objects = {

/* Begin PBXBuildFile section */
		84E59FF71B7DCEB40031B2B9 /* main.m in Sources */ = {isa = PBXBuildFile; fileRef = 84E59FF61B7DCEB40031B2B9 /* main.m */; };
		84E59FFA1B7DCEB40031B2B9 /* AppDelegate.m in Sources */ = {isa = PBXBuildFile; fileRef = 84E59FF91B7DCEB40031B2B9 /* AppDelegate.m */; };
		84E59FFD1B7DCEB40031B2B9 /* UserViewController.m in Sources */ = {isa = PBXBuildFile; fileRef = 84E59FFC1B7DCEB40031B2B9 /* UserViewController.m */; };
		84E5A0001B7DCEB40031B2B9 /* CarViewController.m in Sources */ = {isa = PBXBuildFile; fileRef = 84E59FFF1B7DCEB40031B2B9 /* CarViewController.m */; };
		84E5A0031B7DCEB40031B2B9 /* Main.storyboard in Resources */ = {isa = PBXBuildFile; fileRef = 84E5A0011B7DCEB40031B2B9 /* Main.storyboard */; };
		84E5A0051B7DCEB40031B2B9 /* Images.xcassets in Resources */ = {isa = PBXBuildFile; fileRef = 84E5A0041B7DCEB40031B2B9 /* Images.xcassets */; };
		84E5A0081B7DCEB40031B2B9 /* LaunchScreen.xib in Resources */ = {isa = PBXBuildFile; fileRef = 84E5A0061B7DCEB40031B2B9 /* LaunchScreen.xib */; };
		84E5A0141B7DCEB40031B2B9 /* EmptyStateViewTests.m in Sources */ = {isa = PBXBuildFile; fileRef = 84E5A0131B7DCEB40031B2B9 /* EmptyStateViewTests.m */; };
		84E5A0201B7DCF870031B2B9 /* EmptyStateView.m in Sources */ = {isa = PBXBuildFile; fileRef = 84E5A01F1B7DCF870031B2B9 /* EmptyStateView.m */; };
/* End PBXBuildFile section */

/* Begin PBXContainerItemProxy section */
		84E5A00E1B7DCEB40031B2B9 /* PBXContainerItemProxy */ = {
			isa = PBXContainerItemProxy;
			containerPortal = 84E59FE91B7DCEB40031B2B9 /* Project object */;
			proxyType = 1;
			remoteGlobalIDString = 84E59FF01B7DCEB40031B2B9;
			remoteInfo = EmptyStateView;
		};
/* End PBXContainerItemProxy section */

/* Begin PBXFileReference section */
		84E59FF11B7DCEB40031B2B9 /* EmptyStateView.app */ = {isa = PBXFileReference; explicitFileType = wrapper.application; includeInIndex = 0; path = EmptyStateView.app; sourceTree = BUILT_PRODUCTS_DIR; };
		84E59FF51B7DCEB40031B2B9 /* Info.plist */ = {isa = PBXFileReference; lastKnownFileType = text.plist.xml; path = Info.plist; sourceTree = "<group>"; };
		84E59FF61B7DCEB40031B2B9 /* main.m */ = {isa = PBXFileReference; lastKnownFileType = sourcecode.c.objc; path = main.m; sourceTree = "<group>"; };
		84E59FF81B7DCEB40031B2B9 /* AppDelegate.h */ = {isa = PBXFileReference; lastKnownFileType = sourcecode.c.h; path = AppDelegate.h; sourceTree = "<group>"; };
		84E59FF91B7DCEB40031B2B9 /* AppDelegate.m */ = {isa = PBXFileReference; lastKnownFileType = sourcecode.c.objc; path = AppDelegate.m; sourceTree = "<group>"; };
		84E59FFB1B7DCEB40031B2B9 /* UserViewController.h */ = {isa = PBXFileReference; lastKnownFileType = sourcecode.c.h; path = UserViewController.h; sourceTree = "<group>"; };
		84E59FFC1B7DCEB40031B2B9 /* UserViewController.m */ = {isa = PBXFileReference; lastKnownFileType = sourcecode.c.objc; path = UserViewController.m; sourceTree = "<group>"; };
		84E59FFE1B7DCEB40031B2B9 /* CarViewController.h */ = {isa = PBXFileReference; lastKnownFileType = sourcecode.c.h; path = CarViewController.h; sourceTree = "<group>"; };
		84E59FFF1B7DCEB40031B2B9 /* CarViewController.m */ = {isa = PBXFileReference; lastKnownFileType = sourcecode.c.objc; path = CarViewController.m; sourceTree = "<group>"; };
		84E5A0021B7DCEB40031B2B9 /* Base */ = {isa = PBXFileReference; lastKnownFileType = file.storyboard; name = Base; path = Base.lproj/Main.storyboard; sourceTree = "<group>"; };
		84E5A0041B7DCEB40031B2B9 /* Images.xcassets */ = {isa = PBXFileReference; lastKnownFileType = folder.assetcatalog; path = Images.xcassets; sourceTree = "<group>"; };
		84E5A0071B7DCEB40031B2B9 /* Base */ = {isa = PBXFileReference; lastKnownFileType = file.xib; name = Base; path = Base.lproj/LaunchScreen.xib; sourceTree = "<group>"; };
		84E5A00D1B7DCEB40031B2B9 /* EmptyStateViewTests.xctest */ = {isa = PBXFileReference; explicitFileType = wrapper.cfbundle; includeInIndex = 0; path = EmptyStateViewTests.xctest; sourceTree = BUILT_PRODUCTS_DIR; };
		84E5A0121B7DCEB40031B2B9 /* Info.plist */ = {isa = PBXFileReference; lastKnownFileType = text.plist.xml; path = Info.plist; sourceTree = "<group>"; };
		84E5A0131B7DCEB40031B2B9 /* EmptyStateViewTests.m */ = {isa = PBXFileReference; lastKnownFileType = sourcecode.c.objc; path = EmptyStateViewTests.m; sourceTree = "<group>"; };
		84E5A01E1B7DCF870031B2B9 /* EmptyStateView.h */ = {isa = PBXFileReference; fileEncoding = 4; lastKnownFileType = sourcecode.c.h; path = EmptyStateView.h; sourceTree = "<group>"; };
		84E5A01F1B7DCF870031B2B9 /* EmptyStateView.m */ = {isa = PBXFileReference; fileEncoding = 4; lastKnownFileType = sourcecode.c.objc; path = EmptyStateView.m; sourceTree = "<group>"; };
/* End PBXFileReference section */

/* Begin PBXFrameworksBuildPhase section */
		84E59FEE1B7DCEB40031B2B9 /* Frameworks */ = {
			isa = PBXFrameworksBuildPhase;
			buildActionMask = 2147483647;
			files = (
			);
			runOnlyForDeploymentPostprocessing = 0;
		};
		84E5A00A1B7DCEB40031B2B9 /* Frameworks */ = {
			isa = PBXFrameworksBuildPhase;
			buildActionMask = 2147483647;
			files = (
			);
			runOnlyForDeploymentPostprocessing = 0;
		};
/* End PBXFrameworksBuildPhase section */

/* Begin PBXGroup section */
		84E59FE81B7DCEB40031B2B9 = {
			isa = PBXGroup;
			children = (
				84E59FF31B7DCEB40031B2B9 /* EmptyStateView */,
				84E5A0101B7DCEB40031B2B9 /* EmptyStateViewTests */,
				84E59FF21B7DCEB40031B2B9 /* Products */,
			);
			sourceTree = "<group>";
		};
		84E59FF21B7DCEB40031B2B9 /* Products */ = {
			isa = PBXGroup;
			children = (
				84E59FF11B7DCEB40031B2B9 /* EmptyStateView.app */,
				84E5A00D1B7DCEB40031B2B9 /* EmptyStateViewTests.xctest */,
			);
			name = Products;
			sourceTree = "<group>";
		};
		84E59FF31B7DCEB40031B2B9 /* EmptyStateView */ = {
			isa = PBXGroup;
			children = (
				84E59FF81B7DCEB40031B2B9 /* AppDelegate.h */,
				84E59FF91B7DCEB40031B2B9 /* AppDelegate.m */,
				84E59FFB1B7DCEB40031B2B9 /* UserViewController.h */,
				84E59FFC1B7DCEB40031B2B9 /* UserViewController.m */,
				84E59FFE1B7DCEB40031B2B9 /* CarViewController.h */,
				84E59FFF1B7DCEB40031B2B9 /* CarViewController.m */,
				84E5A0011B7DCEB40031B2B9 /* Main.storyboard */,
				84E5A0041B7DCEB40031B2B9 /* Images.xcassets */,
				84E5A0061B7DCEB40031B2B9 /* LaunchScreen.xib */,
				84E5A01D1B7DCF530031B2B9 /* EmptyState */,
				84E59FF41B7DCEB40031B2B9 /* Supporting Files */,
			);
			path = EmptyStateView;
			sourceTree = "<group>";
		};
		84E59FF41B7DCEB40031B2B9 /* Supporting Files */ = {
			isa = PBXGroup;
			children = (
				84E59FF51B7DCEB40031B2B9 /* Info.plist */,
				84E59FF61B7DCEB40031B2B9 /* main.m */,
			);
			name = "Supporting Files";
			sourceTree = "<group>";
		};
		84E5A0101B7DCEB40031B2B9 /* EmptyStateViewTests */ = {
			isa = PBXGroup;
			children = (
				84E5A0131B7DCEB40031B2B9 /* EmptyStateViewTests.m */,
				84E5A0111B7DCEB40031B2B9 /* Supporting Files */,
			);
			path = EmptyStateViewTests;
			sourceTree = "<group>";
		};
		84E5A0111B7DCEB40031B2B9 /* Supporting Files */ = {
			isa = PBXGroup;
			children = (
				84E5A0121B7DCEB40031B2B9 /* Info.plist */,
			);
			name = "Supporting Files";
			sourceTree = "<group>";
		};
		84E5A01D1B7DCF530031B2B9 /* EmptyState */ = {
			isa = PBXGroup;
			children = (
				84E5A01E1B7DCF870031B2B9 /* EmptyStateView.h */,
				84E5A01F1B7DCF870031B2B9 /* EmptyStateView.m */,
			);
			path = EmptyState;
			sourceTree = "<group>";
		};
/* End PBXGroup section */

/* Begin PBXNativeTarget section */
		84E59FF01B7DCEB40031B2B9 /* EmptyStateView */ = {
			isa = PBXNativeTarget;
			buildConfigurationList = 84E5A0171B7DCEB40031B2B9 /* Build configuration list for PBXNativeTarget "EmptyStateView" */;
			buildPhases = (
				84E59FED1B7DCEB40031B2B9 /* Sources */,
				84E59FEE1B7DCEB40031B2B9 /* Frameworks */,
				84E59FEF1B7DCEB40031B2B9 /* Resources */,
			);
			buildRules = (
			);
			dependencies = (
			);
			name = EmptyStateView;
			productName = EmptyStateView;
			productReference = 84E59FF11B7DCEB40031B2B9 /* EmptyStateView.app */;
			productType = "com.apple.product-type.application";
		};
		84E5A00C1B7DCEB40031B2B9 /* EmptyStateViewTests */ = {
			isa = PBXNativeTarget;
			buildConfigurationList = 84E5A01A1B7DCEB40031B2B9 /* Build configuration list for PBXNativeTarget "EmptyStateViewTests" */;
			buildPhases = (
				84E5A0091B7DCEB40031B2B9 /* Sources */,
				84E5A00A1B7DCEB40031B2B9 /* Frameworks */,
				84E5A00B1B7DCEB40031B2B9 /* Resources */,
			);
			buildRules = (
			);
			dependencies = (
				84E5A00F1B7DCEB40031B2B9 /* PBXTargetDependency */,
			);
			name = EmptyStateViewTests;
			productName = EmptyStateViewTests;
			productReference = 84E5A00D1B7DCEB40031B2B9 /* EmptyStateViewTests.xctest */;
			productType = "com.apple.product-type.bundle.unit-test";
		};
/* End PBXNativeTarget section */

/* Begin PBXProject section */
		84E59FE91B7DCEB40031B2B9 /* Project object */ = {
			isa = PBXProject;
			attributes = {
				LastUpgradeCheck = 0640;
				ORGANIZATIONNAME = orafaelreis;
				TargetAttributes = {
					84E59FF01B7DCEB40031B2B9 = {
						CreatedOnToolsVersion = 6.4;
					};
					84E5A00C1B7DCEB40031B2B9 = {
						CreatedOnToolsVersion = 6.4;
						TestTargetID = 84E59FF01B7DCEB40031B2B9;
					};
				};
			};
			buildConfigurationList = 84E59FEC1B7DCEB40031B2B9 /* Build configuration list for PBXProject "EmptyStateView" */;
			compatibilityVersion = "Xcode 3.2";
			developmentRegion = English;
			hasScannedForEncodings = 0;
			knownRegions = (
				en,
				Base,
			);
			mainGroup = 84E59FE81B7DCEB40031B2B9;
			productRefGroup = 84E59FF21B7DCEB40031B2B9 /* Products */;
			projectDirPath = "";
			projectRoot = "";
			targets = (
				84E59FF01B7DCEB40031B2B9 /* EmptyStateView */,
				84E5A00C1B7DCEB40031B2B9 /* EmptyStateViewTests */,
			);
		};
/* End PBXProject section */

/* Begin PBXResourcesBuildPhase section */
		84E59FEF1B7DCEB40031B2B9 /* Resources */ = {
			isa = PBXResourcesBuildPhase;
			buildActionMask = 2147483647;
			files = (
				84E5A0031B7DCEB40031B2B9 /* Main.storyboard in Resources */,
				84E5A0081B7DCEB40031B2B9 /* LaunchScreen.xib in Resources */,
				84E5A0051B7DCEB40031B2B9 /* Images.xcassets in Resources */,
			);
			runOnlyForDeploymentPostprocessing = 0;
		};
		84E5A00B1B7DCEB40031B2B9 /* Resources */ = {
			isa = PBXResourcesBuildPhase;
			buildActionMask = 2147483647;
			files = (
			);
			runOnlyForDeploymentPostprocessing = 0;
		};
/* End PBXResourcesBuildPhase section */

/* Begin PBXSourcesBuildPhase section */
		84E59FED1B7DCEB40031B2B9 /* Sources */ = {
			isa = PBXSourcesBuildPhase;
			buildActionMask = 2147483647;
			files = (
				84E5A0001B7DCEB40031B2B9 /* CarViewController.m in Sources */,
				84E59FFA1B7DCEB40031B2B9 /* AppDelegate.m in Sources */,
				84E59FFD1B7DCEB40031B2B9 /* UserViewController.m in Sources */,
				84E59FF71B7DCEB40031B2B9 /* main.m in Sources */,
				84E5A0201B7DCF870031B2B9 /* EmptyStateView.m in Sources */,
			);
			runOnlyForDeploymentPostprocessing = 0;
		};
		84E5A0091B7DCEB40031B2B9 /* Sources */ = {
			isa = PBXSourcesBuildPhase;
			buildActionMask = 2147483647;
			files = (
				84E5A0141B7DCEB40031B2B9 /* EmptyStateViewTests.m in Sources */,
			);
			runOnlyForDeploymentPostprocessing = 0;
		};
/* End PBXSourcesBuildPhase section */

/* Begin PBXTargetDependency section */
		84E5A00F1B7DCEB40031B2B9 /* PBXTargetDependency */ = {
			isa = PBXTargetDependency;
			target = 84E59FF01B7DCEB40031B2B9 /* EmptyStateView */;
			targetProxy = 84E5A00E1B7DCEB40031B2B9 /* PBXContainerItemProxy */;
		};
/* End PBXTargetDependency section */

/* Begin PBXVariantGroup section */
		84E5A0011B7DCEB40031B2B9 /* Main.storyboard */ = {
			isa = PBXVariantGroup;
			children = (
				84E5A0021B7DCEB40031B2B9 /* Base */,
			);
			name = Main.storyboard;
			sourceTree = "<group>";
		};
		84E5A0061B7DCEB40031B2B9 /* LaunchScreen.xib */ = {
			isa = PBXVariantGroup;
			children = (
				84E5A0071B7DCEB40031B2B9 /* Base */,
			);
			name = LaunchScreen.xib;
			sourceTree = "<group>";
		};
/* End PBXVariantGroup section */

/* Begin XCBuildConfiguration section */
		84E5A0151B7DCEB40031B2B9 /* Debug */ = {
			isa = XCBuildConfiguration;
			buildSettings = {
				ALWAYS_SEARCH_USER_PATHS = NO;
				CLANG_CXX_LANGUAGE_STANDARD = "gnu++0x";
				CLANG_CXX_LIBRARY = "libc++";
				CLANG_ENABLE_MODULES = YES;
				CLANG_ENABLE_OBJC_ARC = YES;
				CLANG_WARN_BOOL_CONVERSION = YES;
				CLANG_WARN_CONSTANT_CONVERSION = YES;
				CLANG_WARN_DIRECT_OBJC_ISA_USAGE = YES_ERROR;
				CLANG_WARN_EMPTY_BODY = YES;
				CLANG_WARN_ENUM_CONVERSION = YES;
				CLANG_WARN_INT_CONVERSION = YES;
				CLANG_WARN_OBJC_ROOT_CLASS = YES_ERROR;
				CLANG_WARN_UNREACHABLE_CODE = YES;
				CLANG_WARN__DUPLICATE_METHOD_MATCH = YES;
				"CODE_SIGN_IDENTITY[sdk=iphoneos*]" = "iPhone Developer";
				COPY_PHASE_STRIP = NO;
				DEBUG_INFORMATION_FORMAT = "dwarf-with-dsym";
				ENABLE_STRICT_OBJC_MSGSEND = YES;
				GCC_C_LANGUAGE_STANDARD = gnu99;
				GCC_DYNAMIC_NO_PIC = NO;
				GCC_NO_COMMON_BLOCKS = YES;
				GCC_OPTIMIZATION_LEVEL = 0;
				GCC_PREPROCESSOR_DEFINITIONS = (
					"DEBUG=1",
					"$(inherited)",
				);
				GCC_SYMBOLS_PRIVATE_EXTERN = NO;
				GCC_WARN_64_TO_32_BIT_CONVERSION = YES;
				GCC_WARN_ABOUT_RETURN_TYPE = YES_ERROR;
				GCC_WARN_UNDECLARED_SELECTOR = YES;
				GCC_WARN_UNINITIALIZED_AUTOS = YES_AGGRESSIVE;
				GCC_WARN_UNUSED_FUNCTION = YES;
				GCC_WARN_UNUSED_VARIABLE = YES;
				IPHONEOS_DEPLOYMENT_TARGET = 8.4;
				MTL_ENABLE_DEBUG_INFO = YES;
				ONLY_ACTIVE_ARCH = YES;
				SDKROOT = iphoneos;
				TARGETED_DEVICE_FAMILY = "1,2";
			};
			name = Debug;
		};
		84E5A0161B7DCEB40031B2B9 /* Release */ = {
			isa = XCBuildConfiguration;
			buildSettings = {
				ALWAYS_SEARCH_USER_PATHS = NO;
				CLANG_CXX_LANGUAGE_STANDARD = "gnu++0x";
				CLANG_CXX_LIBRARY = "libc++";
				CLANG_ENABLE_MODULES = YES;
				CLANG_ENABLE_OBJC_ARC = YES;
				CLANG_WARN_BOOL_CONVERSION = YES;
				CLANG_WARN_CONSTANT_CONVERSION = YES;
				CLANG_WARN_DIRECT_OBJC_ISA_USAGE = YES_ERROR;
				CLANG_WARN_EMPTY_BODY = YES;
				CLANG_WARN_ENUM_CONVERSION = YES;
				CLANG_WARN_INT_CONVERSION = YES;
				CLANG_WARN_OBJC_ROOT_CLASS = YES_ERROR;
				CLANG_WARN_UNREACHABLE_CODE = YES;
				CLANG_WARN__DUPLICATE_METHOD_MATCH = YES;
				"CODE_SIGN_IDENTITY[sdk=iphoneos*]" = "iPhone Developer";
				COPY_PHASE_STRIP = NO;
				DEBUG_INFORMATION_FORMAT = "dwarf-with-dsym";
				ENABLE_NS_ASSERTIONS = NO;
				ENABLE_STRICT_OBJC_MSGSEND = YES;
				GCC_C_LANGUAGE_STANDARD = gnu99;
				GCC_NO_COMMON_BLOCKS = YES;
				GCC_WARN_64_TO_32_BIT_CONVERSION = YES;
				GCC_WARN_ABOUT_RETURN_TYPE = YES_ERROR;
				GCC_WARN_UNDECLARED_SELECTOR = YES;
				GCC_WARN_UNINITIALIZED_AUTOS = YES_AGGRESSIVE;
				GCC_WARN_UNUSED_FUNCTION = YES;
				GCC_WARN_UNUSED_VARIABLE = YES;
				IPHONEOS_DEPLOYMENT_TARGET = 8.4;
				MTL_ENABLE_DEBUG_INFO = NO;
				SDKROOT = iphoneos;
				TARGETED_DEVICE_FAMILY = "1,2";
				VALIDATE_PRODUCT = YES;
			};
			name = Release;
		};
		84E5A0181B7DCEB40031B2B9 /* Debug */ = {
			isa = XCBuildConfiguration;
			buildSettings = {
				ASSETCATALOG_COMPILER_APPICON_NAME = AppIcon;
				INFOPLIST_FILE = EmptyStateView/Info.plist;
				LD_RUNPATH_SEARCH_PATHS = "$(inherited) @executable_path/Frameworks";
				PRODUCT_NAME = "$(TARGET_NAME)";
			};
			name = Debug;
		};
		84E5A0191B7DCEB40031B2B9 /* Release */ = {
			isa = XCBuildConfiguration;
			buildSettings = {
				ASSETCATALOG_COMPILER_APPICON_NAME = AppIcon;
				INFOPLIST_FILE = EmptyStateView/Info.plist;
				LD_RUNPATH_SEARCH_PATHS = "$(inherited) @executable_path/Frameworks";
				PRODUCT_NAME = "$(TARGET_NAME)";
			};
			name = Release;
		};
		84E5A01B1B7DCEB40031B2B9 /* Debug */ = {
			isa = XCBuildConfiguration;
			buildSettings = {
				BUNDLE_LOADER = "$(TEST_HOST)";
				FRAMEWORK_SEARCH_PATHS = (
					"$(SDKROOT)/Developer/Library/Frameworks",
					"$(inherited)",
				);
				GCC_PREPROCESSOR_DEFINITIONS = (
					"DEBUG=1",
					"$(inherited)",
				);
				INFOPLIST_FILE = EmptyStateViewTests/Info.plist;
				LD_RUNPATH_SEARCH_PATHS = "$(inherited) @executable_path/Frameworks @loader_path/Frameworks";
				PRODUCT_NAME = "$(TARGET_NAME)";
				TEST_HOST = "$(BUILT_PRODUCTS_DIR)/EmptyStateView.app/EmptyStateView";
			};
			name = Debug;
		};
		84E5A01C1B7DCEB40031B2B9 /* Release */ = {
			isa = XCBuildConfiguration;
			buildSettings = {
				BUNDLE_LOADER = "$(TEST_HOST)";
				FRAMEWORK_SEARCH_PATHS = (
					"$(SDKROOT)/Developer/Library/Frameworks",
					"$(inherited)",
				);
				INFOPLIST_FILE = EmptyStateViewTests/Info.plist;
				LD_RUNPATH_SEARCH_PATHS = "$(inherited) @executable_path/Frameworks @loader_path/Frameworks";
				PRODUCT_NAME = "$(TARGET_NAME)";
				TEST_HOST = "$(BUILT_PRODUCTS_DIR)/EmptyStateView.app/EmptyStateView";
			};
			name = Release;
		};
/* End XCBuildConfiguration section */

/* Begin XCConfigurationList section */
		84E59FEC1B7DCEB40031B2B9 /* Build configuration list for PBXProject "EmptyStateView" */ = {
			isa = XCConfigurationList;
			buildConfigurations = (
				84E5A0151B7DCEB40031B2B9 /* Debug */,
				84E5A0161B7DCEB40031B2B9 /* Release */,
			);
			defaultConfigurationIsVisible = 0;
			defaultConfigurationName = Release;
		};
		84E5A0171B7DCEB40031B2B9 /* Build configuration list for PBXNativeTarget "EmptyStateView" */ = {
			isa = XCConfigurationList;
			buildConfigurations = (
				84E5A0181B7DCEB40031B2B9 /* Debug */,
				84E5A0191B7DCEB40031B2B9 /* Release */,
			);
			defaultConfigurationIsVisible = 0;
			defaultConfigurationName = Release;
		};
		84E5A01A1B7DCEB40031B2B9 /* Build configuration list for PBXNativeTarget "EmptyStateViewTests" */ = {
			isa = XCConfigurationList;
			buildConfigurations = (
				84E5A01B1B7DCEB40031B2B9 /* Debug */,
				84E5A01C1B7DCEB40031B2B9 /* Release */,
			);
			defaultConfigurationIsVisible = 0;
			defaultConfigurationName = Release;
		};
/* End XCConfigurationList section */
	};
	rootObject = 84E59FE91B7DCEB40031B2B9 /* Project object */;
}
